
Microsoft Visual Studio Solution File, Format Version 12.00
# Visual Studio Version 17
VisualStudioVersion = 17.8.34309.116
MinimumVisualStudioVersion = 10.0.40219.1
Project("{2150E333-8FDC-42A3-9474-1A3956D46DE8}") = "src", "src", "{678DC29E-CFA6-4478-AD79-BEBE3357A17C}"
EndProject
Project("{2150E333-8FDC-42A3-9474-1A3956D46DE8}") = "test", "test", "{2C45EB47-17E8-4639-A4CC-9E7B914930D3}"
EndProject
Project("{2150E333-8FDC-42A3-9474-1A3956D46DE8}") = "01-Domain", "01-Domain", "{DD11045D-F786-4F0D-AB01-DEB61427C3C9}"
EndProject
Project("{2150E333-8FDC-42A3-9474-1A3956D46DE8}") = "02-Infrastructures", "02-Infrastructures", "{29E8253C-EEC5-40BB-94C5-7B71164973D2}"
EndProject
Project("{2150E333-8FDC-42A3-9474-1A3956D46DE8}") = "03-EndPoints", "03-EndPoints", "{5344EAE6-D43F-4A36-BA60-DB2708DE7604}"
EndProject
Project("{2150E333-8FDC-42A3-9474-1A3956D46DE8}") = "Core", "Core", "{CB5D479F-B454-4160-9040-CA36FFE6F24E}"
EndProject
Project("{2150E333-8FDC-42A3-9474-1A3956D46DE8}") = "Services", "Services", "{DC4C9239-BE12-499A-9CD8-9E09CECDE0BF}"
EndProject
Project("{9A19103F-16F7-4668-BE54-9A1E7A4F7556}") = "App.Domain.Core", "src\App.Domain.Core\App.Domain.Core.csproj", "{A7314AC8-8DED-414D-9A81-D6CCF039E9EA}"
EndProject
Project("{9A19103F-16F7-4668-BE54-9A1E7A4F7556}") = "App.Domain.AppServices", "src\App.Domain.AppServices\App.Domain.AppServices.csproj", "{C22F47D5-36FF-4048-A735-DD3CD40BBED4}"
EndProject
Project("{9A19103F-16F7-4668-BE54-9A1E7A4F7556}") = "App.Domain.Services", "src\App.Domain.Services\App.Domain.Services.csproj", "{14972076-F989-4EF3-B065-DA8A96F2509F}"
EndProject
Project("{2150E333-8FDC-42A3-9474-1A3956D46DE8}") = "DataAccess", "DataAccess", "{F0C1260B-CA37-42D2-9212-4440E09B6514}"
EndProject
Project("{2150E333-8FDC-42A3-9474-1A3956D46DE8}") = "Db", "Db", "{09D34436-6F54-4198-8BE4-D21585E32F49}"
EndProject
Project("{9A19103F-16F7-4668-BE54-9A1E7A4F7556}") = "App.Infra.Data.Repos.Dapper", "src\App.Infra.Data.Repos.Dapper\App.Infra.Data.Repos.Dapper.csproj", "{9E3B9829-6048-4079-8A7B-4C0A2325DFA0}"
EndProject
Project("{9A19103F-16F7-4668-BE54-9A1E7A4F7556}") = "App.Infra.Data.Repos.Ef", "src\App.Infra.Data.Repos.Ef\App.Infra.Data.Repos.Ef.csproj", "{018D055A-F9D0-433B-99F6-960314613109}"
EndProject
Project("{9A19103F-16F7-4668-BE54-9A1E7A4F7556}") = "App.Infra.Data.Db.SqlServer.Ef", "src\App.Infra.Data.Db.SqlServer.Ef\App.Infra.Data.Db.SqlServer.Ef.csproj", "{0E0E1CD0-CB90-4B01-A11D-97636B174324}"
EndProject
Project("{9A19103F-16F7-4668-BE54-9A1E7A4F7556}") = "App.EndPoints.MVC", "src\App.EndPoints.MVC\App.EndPoints.MVC.csproj", "{DBFAC65A-FE3E-4BC0-B069-7BF5BEAC8DC6}"
EndProject
Project("{9A19103F-16F7-4668-BE54-9A1E7A4F7556}") = "App.EndPoint.Api", "App.EndPoint.Api\App.EndPoint.Api.csproj", "{9FFAC452-FCD4-4D09-AD5C-29D9D0C3832A}"
EndProject
Project("{2150E333-8FDC-42A3-9474-1A3956D46DE8}") = "Providers", "Providers", "{FD42E041-0DBA-4392-86B4-EAB2E170CB02}"
EndProject
Project("{FAE04EC0-301F-11D3-BF4B-00C04F79EFBC}") = "App.EndPoints.RazorPageUI", "src\App.EndPoints.RazorPageUI\App.EndPoints.RazorPageUI.csproj", "{C13A9DEB-AE7B-4981-AF83-93070D10A311}"
EndProject
Global
	GlobalSection(SolutionConfigurationPlatforms) = preSolution
		Debug|Any CPU = Debug|Any CPU
		Release|Any CPU = Release|Any CPU
	EndGlobalSection
	GlobalSection(ProjectConfigurationPlatforms) = postSolution
		{A7314AC8-8DED-414D-9A81-D6CCF039E9EA}.Debug|Any CPU.ActiveCfg = Debug|Any CPU
		{A7314AC8-8DED-414D-9A81-D6CCF039E9EA}.Debug|Any CPU.Build.0 = Debug|Any CPU
		{A7314AC8-8DED-414D-9A81-D6CCF039E9EA}.Release|Any CPU.ActiveCfg = Release|Any CPU
		{A7314AC8-8DED-414D-9A81-D6CCF039E9EA}.Release|Any CPU.Build.0 = Release|Any CPU
		{C22F47D5-36FF-4048-A735-DD3CD40BBED4}.Debug|Any CPU.ActiveCfg = Debug|Any CPU
		{C22F47D5-36FF-4048-A735-DD3CD40BBED4}.Debug|Any CPU.Build.0 = Debug|Any CPU
		{C22F47D5-36FF-4048-A735-DD3CD40BBED4}.Release|Any CPU.ActiveCfg = Release|Any CPU
		{C22F47D5-36FF-4048-A735-DD3CD40BBED4}.Release|Any CPU.Build.0 = Release|Any CPU
		{14972076-F989-4EF3-B065-DA8A96F2509F}.Debug|Any CPU.ActiveCfg = Debug|Any CPU
		{14972076-F989-4EF3-B065-DA8A96F2509F}.Debug|Any CPU.Build.0 = Debug|Any CPU
		{14972076-F989-4EF3-B065-DA8A96F2509F}.Release|Any CPU.ActiveCfg = Release|Any CPU
		{14972076-F989-4EF3-B065-DA8A96F2509F}.Release|Any CPU.Build.0 = Release|Any CPU
		{9E3B9829-6048-4079-8A7B-4C0A2325DFA0}.Debug|Any CPU.ActiveCfg = Debug|Any CPU
		{9E3B9829-6048-4079-8A7B-4C0A2325DFA0}.Debug|Any CPU.Build.0 = Debug|Any CPU
		{9E3B9829-6048-4079-8A7B-4C0A2325DFA0}.Release|Any CPU.ActiveCfg = Release|Any CPU
		{9E3B9829-6048-4079-8A7B-4C0A2325DFA0}.Release|Any CPU.Build.0 = Release|Any CPU
		{018D055A-F9D0-433B-99F6-960314613109}.Debug|Any CPU.ActiveCfg = Debug|Any CPU
		{018D055A-F9D0-433B-99F6-960314613109}.Debug|Any CPU.Build.0 = Debug|Any CPU
		{018D055A-F9D0-433B-99F6-960314613109}.Release|Any CPU.ActiveCfg = Release|Any CPU
		{018D055A-F9D0-433B-99F6-960314613109}.Release|Any CPU.Build.0 = Release|Any CPU
		{0E0E1CD0-CB90-4B01-A11D-97636B174324}.Debug|Any CPU.ActiveCfg = Debug|Any CPU
		{0E0E1CD0-CB90-4B01-A11D-97636B174324}.Debug|Any CPU.Build.0 = Debug|Any CPU
		{0E0E1CD0-CB90-4B01-A11D-97636B174324}.Release|Any CPU.ActiveCfg = Release|Any CPU
		{0E0E1CD0-CB90-4B01-A11D-97636B174324}.Release|Any CPU.Build.0 = Release|Any CPU
		{DBFAC65A-FE3E-4BC0-B069-7BF5BEAC8DC6}.Debug|Any CPU.ActiveCfg = Debug|Any CPU
		{DBFAC65A-FE3E-4BC0-B069-7BF5BEAC8DC6}.Debug|Any CPU.Build.0 = Debug|Any CPU
		{DBFAC65A-FE3E-4BC0-B069-7BF5BEAC8DC6}.Release|Any CPU.ActiveCfg = Release|Any CPU
		{DBFAC65A-FE3E-4BC0-B069-7BF5BEAC8DC6}.Release|Any CPU.Build.0 = Release|Any CPU
		{9FFAC452-FCD4-4D09-AD5C-29D9D0C3832A}.Debug|Any CPU.ActiveCfg = Debug|Any CPU
		{9FFAC452-FCD4-4D09-AD5C-29D9D0C3832A}.Debug|Any CPU.Build.0 = Debug|Any CPU
		{9FFAC452-FCD4-4D09-AD5C-29D9D0C3832A}.Release|Any CPU.ActiveCfg = Release|Any CPU
		{9FFAC452-FCD4-4D09-AD5C-29D9D0C3832A}.Release|Any CPU.Build.0 = Release|Any CPU
		{C13A9DEB-AE7B-4981-AF83-93070D10A311}.Debug|Any CPU.ActiveCfg = Debug|Any CPU
		{C13A9DEB-AE7B-4981-AF83-93070D10A311}.Debug|Any CPU.Build.0 = Debug|Any CPU
		{C13A9DEB-AE7B-4981-AF83-93070D10A311}.Release|Any CPU.ActiveCfg = Release|Any CPU
		{C13A9DEB-AE7B-4981-AF83-93070D10A311}.Release|Any CPU.Build.0 = Release|Any CPU
	EndGlobalSection
	GlobalSection(SolutionProperties) = preSolution
		HideSolutionNode = FALSE
	EndGlobalSection
	GlobalSection(NestedProjects) = preSolution
		{DD11045D-F786-4F0D-AB01-DEB61427C3C9} = {678DC29E-CFA6-4478-AD79-BEBE3357A17C}
		{29E8253C-EEC5-40BB-94C5-7B71164973D2} = {678DC29E-CFA6-4478-AD79-BEBE3357A17C}
		{5344EAE6-D43F-4A36-BA60-DB2708DE7604} = {678DC29E-CFA6-4478-AD79-BEBE3357A17C}
		{CB5D479F-B454-4160-9040-CA36FFE6F24E} = {DD11045D-F786-4F0D-AB01-DEB61427C3C9}
		{DC4C9239-BE12-499A-9CD8-9E09CECDE0BF} = {DD11045D-F786-4F0D-AB01-DEB61427C3C9}
		{A7314AC8-8DED-414D-9A81-D6CCF039E9EA} = {CB5D479F-B454-4160-9040-CA36FFE6F24E}
		{C22F47D5-36FF-4048-A735-DD3CD40BBED4} = {DC4C9239-BE12-499A-9CD8-9E09CECDE0BF}
		{14972076-F989-4EF3-B065-DA8A96F2509F} = {DC4C9239-BE12-499A-9CD8-9E09CECDE0BF}
		{F0C1260B-CA37-42D2-9212-4440E09B6514} = {29E8253C-EEC5-40BB-94C5-7B71164973D2}
		{09D34436-6F54-4198-8BE4-D21585E32F49} = {29E8253C-EEC5-40BB-94C5-7B71164973D2}
		{9E3B9829-6048-4079-8A7B-4C0A2325DFA0} = {F0C1260B-CA37-42D2-9212-4440E09B6514}
		{018D055A-F9D0-433B-99F6-960314613109} = {F0C1260B-CA37-42D2-9212-4440E09B6514}
		{0E0E1CD0-CB90-4B01-A11D-97636B174324} = {09D34436-6F54-4198-8BE4-D21585E32F49}
		{DBFAC65A-FE3E-4BC0-B069-7BF5BEAC8DC6} = {5344EAE6-D43F-4A36-BA60-DB2708DE7604}
		{9FFAC452-FCD4-4D09-AD5C-29D9D0C3832A} = {5344EAE6-D43F-4A36-BA60-DB2708DE7604}
		{FD42E041-0DBA-4392-86B4-EAB2E170CB02} = {29E8253C-EEC5-40BB-94C5-7B71164973D2}
		{C13A9DEB-AE7B-4981-AF83-93070D10A311} = {5344EAE6-D43F-4A36-BA60-DB2708DE7604}
	EndGlobalSection
	GlobalSection(ExtensibilityGlobals) = postSolution
		SolutionGuid = {6B430F94-88B3-45B1-915A-05A64D6ECD6D}
	EndGlobalSection
EndGlobal
